
Microsoft Visual Studio Solution File, Format Version 12.00
# Visual Studio Version 16
VisualStudioVersion = 16.0.31702.278
MinimumVisualStudioVersion = 10.0.40219.1
Project("{FAE04EC0-301F-11D3-BF4B-00C04F79EFBC}") = "Catalog", "Catalog\Catalog.csproj", "{BF8955AC-0960-4B90-82E3-5C746FD317C1}"
EndProject
Global
	GlobalSection(SolutionConfigurationPlatforms) = preSolution
		Debug|Any CPU = Debug|Any CPU
		Release|Any CPU = Release|Any CPU
	EndGlobalSection
	GlobalSection(ProjectConfigurationPlatforms) = postSolution
		{BF8955AC-0960-4B90-82E3-5C746FD317C1}.Debug|Any CPU.ActiveCfg = Debug|Any CPU
		{BF8955AC-0960-4B90-82E3-5C746FD317C1}.Debug|Any CPU.Build.0 = Debug|Any CPU
		{BF8955AC-0960-4B90-82E3-5C746FD317C1}.Release|Any CPU.ActiveCfg = Release|Any CPU
		{BF8955AC-0960-4B90-82E3-5C746FD317C1}.Release|Any CPU.Build.0 = Release|Any CPU
	EndGlobalSection
	GlobalSection(SolutionProperties) = preSolution
		HideSolutionNode = FALSE
	EndGlobalSection
	GlobalSection(ExtensibilityGlobals) = postSolution
		SolutionGuid = {A4A92D3E-179A-473F-ADB9-6FCB691F63BC}
	EndGlobalSection
EndGlobal
